
Microsoft Visual Studio Solution File, Format Version 12.00
# Visual Studio 14
VisualStudioVersion = 14.0.25420.1
MinimumVisualStudioVersion = 10.0.40219.1
Project("{FAE04EC0-301F-11D3-BF4B-00C04F79EFBC}") = "JudgeSharp", "JudgeSharp\JudgeSharp.csproj", "{BC41E5E2-BEAE-462B-A894-E82C8FB59B57}"
EndProject
Project("{FAE04EC0-301F-11D3-BF4B-00C04F79EFBC}") = "JudgeSharpTest", "JudgeSharpTest\JudgeSharpTest.csproj", "{56E9FE48-EE72-458F-AA5C-16B4121E1C45}"
EndProject
Global
	GlobalSection(SolutionConfigurationPlatforms) = preSolution
		Debug|Any CPU = Debug|Any CPU
		Release|Any CPU = Release|Any CPU
	EndGlobalSection
	GlobalSection(ProjectConfigurationPlatforms) = postSolution
		{BC41E5E2-BEAE-462B-A894-E82C8FB59B57}.Debug|Any CPU.ActiveCfg = Debug|Any CPU
		{BC41E5E2-BEAE-462B-A894-E82C8FB59B57}.Debug|Any CPU.Build.0 = Debug|Any CPU
		{BC41E5E2-BEAE-462B-A894-E82C8FB59B57}.Release|Any CPU.ActiveCfg = Release|Any CPU
		{BC41E5E2-BEAE-462B-A894-E82C8FB59B57}.Release|Any CPU.Build.0 = Release|Any CPU
		{56E9FE48-EE72-458F-AA5C-16B4121E1C45}.Debug|Any CPU.ActiveCfg = Debug|Any CPU
		{56E9FE48-EE72-458F-AA5C-16B4121E1C45}.Debug|Any CPU.Build.0 = Debug|Any CPU
		{56E9FE48-EE72-458F-AA5C-16B4121E1C45}.Release|Any CPU.ActiveCfg = Release|Any CPU
		{56E9FE48-EE72-458F-AA5C-16B4121E1C45}.Release|Any CPU.Build.0 = Release|Any CPU
	EndGlobalSection
	GlobalSection(SolutionProperties) = preSolution
		HideSolutionNode = FALSE
	EndGlobalSection
EndGlobal
